
Microsoft Visual Studio Solution File, Format Version 12.00
# Visual Studio 15
Project("{FAE04EC0-301F-11D3-BF4B-00C04F79EFBC}") = "Wanhjor.ObjectInspector", "src\Wanhjor.ObjectInspector\Wanhjor.ObjectInspector.csproj", "{1AB35563-37F5-4CD0-8153-38B0471A9180}"
EndProject
Project("{FAE04EC0-301F-11D3-BF4B-00C04F79EFBC}") = "Wanhjor.ObjectInspector.Tests", "test\Wanhjor.ObjectInspector.Tests\Wanhjor.ObjectInspector.Tests.csproj", "{7C587710-704A-4D0B-BFD0-13F39BE7A7F5}"
EndProject
Project("{2150E333-8FDC-42A3-9474-1A3956D46DE8}") = "Root", "Root", "{AD15180F-DA05-475E-849D-5D4C2C25E7A4}"
ProjectSection(SolutionItems) = preProject
	LICENSE = LICENSE
	README.md = README.md
	icon.png = icon.png
EndProjectSection
EndProject
Global
	GlobalSection(SolutionConfigurationPlatforms) = preSolution
		Debug|Any CPU = Debug|Any CPU
		Release|Any CPU = Release|Any CPU
	EndGlobalSection
	GlobalSection(ProjectConfigurationPlatforms) = postSolution
		{1AB35563-37F5-4CD0-8153-38B0471A9180}.Debug|Any CPU.ActiveCfg = Debug|Any CPU
		{1AB35563-37F5-4CD0-8153-38B0471A9180}.Debug|Any CPU.Build.0 = Debug|Any CPU
		{1AB35563-37F5-4CD0-8153-38B0471A9180}.Release|Any CPU.ActiveCfg = Release|Any CPU
		{1AB35563-37F5-4CD0-8153-38B0471A9180}.Release|Any CPU.Build.0 = Release|Any CPU
		{7C587710-704A-4D0B-BFD0-13F39BE7A7F5}.Debug|Any CPU.ActiveCfg = Debug|Any CPU
		{7C587710-704A-4D0B-BFD0-13F39BE7A7F5}.Debug|Any CPU.Build.0 = Debug|Any CPU
		{7C587710-704A-4D0B-BFD0-13F39BE7A7F5}.Release|Any CPU.ActiveCfg = Release|Any CPU
		{7C587710-704A-4D0B-BFD0-13F39BE7A7F5}.Release|Any CPU.Build.0 = Release|Any CPU
	EndGlobalSection
EndGlobal
